
Microsoft Visual Studio Solution File, Format Version 12.00
# Visual Studio Version 16
VisualStudioVersion = 16.0.30225.117
MinimumVisualStudioVersion = 10.0.40219.1
Project("{FAE04EC0-301F-11D3-BF4B-00C04F79EFBC}") = "WindowsFormsApp_QLSV_OOP", "WindowsFormsApp_QLSV_OOP\WindowsFormsApp_QLSV_OOP.csproj", "{586B4549-3DE0-4385-8F2D-1A6DD788B734}"
EndProject
Global
	GlobalSection(SolutionConfigurationPlatforms) = preSolution
		Debug|Any CPU = Debug|Any CPU
		Release|Any CPU = Release|Any CPU
	EndGlobalSection
	GlobalSection(ProjectConfigurationPlatforms) = postSolution
		{586B4549-3DE0-4385-8F2D-1A6DD788B734}.Debug|Any CPU.ActiveCfg = Debug|Any CPU
		{586B4549-3DE0-4385-8F2D-1A6DD788B734}.Debug|Any CPU.Build.0 = Debug|Any CPU
		{586B4549-3DE0-4385-8F2D-1A6DD788B734}.Release|Any CPU.ActiveCfg = Release|Any CPU
		{586B4549-3DE0-4385-8F2D-1A6DD788B734}.Release|Any CPU.Build.0 = Release|Any CPU
	EndGlobalSection
	GlobalSection(SolutionProperties) = preSolution
		HideSolutionNode = FALSE
	EndGlobalSection
	GlobalSection(ExtensibilityGlobals) = postSolution
		SolutionGuid = {221BDE94-6BF9-4D1F-B5B6-1669CF295B18}
	EndGlobalSection
EndGlobal
